// !$*UTF8*$!
{
	archiveVersion = 1;
	classes = {
	};
	objectVersion = 46;
	objects = {

/* Begin PBXBuildFile section */
		C36C22B31A4A5E7C003C5163 /* AppDelegate.swift in Sources */ = {isa = PBXBuildFile; fileRef = C36C22B21A4A5E7C003C5163 /* AppDelegate.swift */; };
		C36C22B51A4A5E7C003C5163 /* ViewController.swift in Sources */ = {isa = PBXBuildFile; fileRef = C36C22B41A4A5E7C003C5163 /* ViewController.swift */; };
		C36C22B81A4A5E7C003C5163 /* Main.storyboard in Resources */ = {isa = PBXBuildFile; fileRef = C36C22B61A4A5E7C003C5163 /* Main.storyboard */; };
		C36C22BA1A4A5E7C003C5163 /* Images.xcassets in Resources */ = {isa = PBXBuildFile; fileRef = C36C22B91A4A5E7C003C5163 /* Images.xcassets */; };
		C36C22BD1A4A5E7C003C5163 /* LaunchScreen.xib in Resources */ = {isa = PBXBuildFile; fileRef = C36C22BB1A4A5E7C003C5163 /* LaunchScreen.xib */; };
		C36C22C91A4A5E7C003C5163 /* AVAudioPlayerTests.swift in Sources */ = {isa = PBXBuildFile; fileRef = C36C22C81A4A5E7C003C5163 /* AVAudioPlayerTests.swift */; };
		C36C22D31A4A5ED7003C5163 /* AVFoundation.framework in Frameworks */ = {isa = PBXBuildFile; fileRef = C36C22D21A4A5ED7003C5163 /* AVFoundation.framework */; };
		C36C22D51A4A628C003C5163 /* audioFX.mp3 in Resources */ = {isa = PBXBuildFile; fileRef = C36C22D41A4A628C003C5163 /* audioFX.mp3 */; };
		C36C22D71A4A8A9B003C5163 /* demo.gif in Resources */ = {isa = PBXBuildFile; fileRef = C36C22D61A4A8A9B003C5163 /* demo.gif */; };
/* End PBXBuildFile section */

/* Begin PBXContainerItemProxy section */
		C36C22C31A4A5E7C003C5163 /* PBXContainerItemProxy */ = {
			isa = PBXContainerItemProxy;
			containerPortal = C36C22A51A4A5E7C003C5163 /* Project object */;
			proxyType = 1;
			remoteGlobalIDString = C36C22AC1A4A5E7C003C5163;
			remoteInfo = AVAudioPlayer;
		};
/* End PBXContainerItemProxy section */

/* Begin PBXFileReference section */
		C36C22AD1A4A5E7C003C5163 /* AVAudioPlayer.app */ = {isa = PBXFileReference; explicitFileType = wrapper.application; includeInIndex = 0; path = AVAudioPlayer.app; sourceTree = BUILT_PRODUCTS_DIR; };
		C36C22B11A4A5E7C003C5163 /* Info.plist */ = {isa = PBXFileReference; lastKnownFileType = text.plist.xml; path = Info.plist; sourceTree = "<group>"; };
		C36C22B21A4A5E7C003C5163 /* AppDelegate.swift */ = {isa = PBXFileReference; lastKnownFileType = sourcecode.swift; path = AppDelegate.swift; sourceTree = "<group>"; };
		C36C22B41A4A5E7C003C5163 /* ViewController.swift */ = {isa = PBXFileReference; lastKnownFileType = sourcecode.swift; path = ViewController.swift; sourceTree = "<group>"; };
		C36C22B71A4A5E7C003C5163 /* Base */ = {isa = PBXFileReference; lastKnownFileType = file.storyboard; name = Base; path = Base.lproj/Main.storyboard; sourceTree = "<group>"; };
		C36C22B91A4A5E7C003C5163 /* Images.xcassets */ = {isa = PBXFileReference; lastKnownFileType = folder.assetcatalog; path = Images.xcassets; sourceTree = "<group>"; };
		C36C22BC1A4A5E7C003C5163 /* Base */ = {isa = PBXFileReference; lastKnownFileType = file.xib; name = Base; path = Base.lproj/LaunchScreen.xib; sourceTree = "<group>"; };
		C36C22C21A4A5E7C003C5163 /* AVAudioPlayerTests.xctest */ = {isa = PBXFileReference; explicitFileType = wrapper.cfbundle; includeInIndex = 0; path = AVAudioPlayerTests.xctest; sourceTree = BUILT_PRODUCTS_DIR; };
		C36C22C71A4A5E7C003C5163 /* Info.plist */ = {isa = PBXFileReference; lastKnownFileType = text.plist.xml; path = Info.plist; sourceTree = "<group>"; };
		C36C22C81A4A5E7C003C5163 /* AVAudioPlayerTests.swift */ = {isa = PBXFileReference; lastKnownFileType = sourcecode.swift; path = AVAudioPlayerTests.swift; sourceTree = "<group>"; };
		C36C22D21A4A5ED7003C5163 /* AVFoundation.framework */ = {isa = PBXFileReference; lastKnownFileType = wrapper.framework; name = AVFoundation.framework; path = System/Library/Frameworks/AVFoundation.framework; sourceTree = SDKROOT; };
		C36C22D41A4A628C003C5163 /* audioFX.mp3 */ = {isa = PBXFileReference; lastKnownFileType = audio.mp3; path = audioFX.mp3; sourceTree = "<group>"; };
		C36C22D61A4A8A9B003C5163 /* demo.gif */ = {isa = PBXFileReference; lastKnownFileType = image.gif; path = demo.gif; sourceTree = "<group>"; };
/* End PBXFileReference section */

/* Begin PBXFrameworksBuildPhase section */
		C36C22AA1A4A5E7C003C5163 /* Frameworks */ = {
			isa = PBXFrameworksBuildPhase;
			buildActionMask = 2147483647;
			files = (
				C36C22D31A4A5ED7003C5163 /* AVFoundation.framework in Frameworks */,
			);
			runOnlyForDeploymentPostprocessing = 0;
		};
		C36C22BF1A4A5E7C003C5163 /* Frameworks */ = {
			isa = PBXFrameworksBuildPhase;
			buildActionMask = 2147483647;
			files = (
			);
			runOnlyForDeploymentPostprocessing = 0;
		};
/* End PBXFrameworksBuildPhase section */

/* Begin PBXGroup section */
		C36C22A41A4A5E7C003C5163 = {
			isa = PBXGroup;
			children = (
				C36C22D21A4A5ED7003C5163 /* AVFoundation.framework */,
				C36C22D41A4A628C003C5163 /* audioFX.mp3 */,
				C36C22D61A4A8A9B003C5163 /* demo.gif */,
				C36C22AF1A4A5E7C003C5163 /* AVAudioPlayer */,
				C36C22C51A4A5E7C003C5163 /* AVAudioPlayerTests */,
				C36C22AE1A4A5E7C003C5163 /* Products */,
			);
			sourceTree = "<group>";
		};
		C36C22AE1A4A5E7C003C5163 /* Products */ = {
			isa = PBXGroup;
			children = (
				C36C22AD1A4A5E7C003C5163 /* AVAudioPlayer.app */,
				C36C22C21A4A5E7C003C5163 /* AVAudioPlayerTests.xctest */,
			);
			name = Products;
			sourceTree = "<group>";
		};
		C36C22AF1A4A5E7C003C5163 /* AVAudioPlayer */ = {
			isa = PBXGroup;
			children = (
				C36C22B21A4A5E7C003C5163 /* AppDelegate.swift */,
				C36C22B41A4A5E7C003C5163 /* ViewController.swift */,
				C36C22B61A4A5E7C003C5163 /* Main.storyboard */,
				C36C22B91A4A5E7C003C5163 /* Images.xcassets */,
				C36C22BB1A4A5E7C003C5163 /* LaunchScreen.xib */,
				C36C22B01A4A5E7C003C5163 /* Supporting Files */,
			);
			path = AVAudioPlayer;
			sourceTree = "<group>";
		};
		C36C22B01A4A5E7C003C5163 /* Supporting Files */ = {
			isa = PBXGroup;
			children = (
				C36C22B11A4A5E7C003C5163 /* Info.plist */,
			);
			name = "Supporting Files";
			sourceTree = "<group>";
		};
		C36C22C51A4A5E7C003C5163 /* AVAudioPlayerTests */ = {
			isa = PBXGroup;
			children = (
				C36C22C81A4A5E7C003C5163 /* AVAudioPlayerTests.swift */,
				C36C22C61A4A5E7C003C5163 /* Supporting Files */,
			);
			path = AVAudioPlayerTests;
			sourceTree = "<group>";
		};
		C36C22C61A4A5E7C003C5163 /* Supporting Files */ = {
			isa = PBXGroup;
			children = (
				C36C22C71A4A5E7C003C5163 /* Info.plist */,
			);
			name = "Supporting Files";
			sourceTree = "<group>";
		};
/* End PBXGroup section */

/* Begin PBXNativeTarget section */
		C36C22AC1A4A5E7C003C5163 /* AVAudioPlayer */ = {
			isa = PBXNativeTarget;
			buildConfigurationList = C36C22CC1A4A5E7C003C5163 /* Build configuration list for PBXNativeTarget "AVAudioPlayer" */;
			buildPhases = (
				C36C22A91A4A5E7C003C5163 /* Sources */,
				C36C22AA1A4A5E7C003C5163 /* Frameworks */,
				C36C22AB1A4A5E7C003C5163 /* Resources */,
			);
			buildRules = (
			);
			dependencies = (
			);
			name = AVAudioPlayer;
			productName = AVAudioPlayer;
			productReference = C36C22AD1A4A5E7C003C5163 /* AVAudioPlayer.app */;
			productType = "com.apple.product-type.application";
		};
		C36C22C11A4A5E7C003C5163 /* AVAudioPlayerTests */ = {
			isa = PBXNativeTarget;
			buildConfigurationList = C36C22CF1A4A5E7C003C5163 /* Build configuration list for PBXNativeTarget "AVAudioPlayerTests" */;
			buildPhases = (
				C36C22BE1A4A5E7C003C5163 /* Sources */,
				C36C22BF1A4A5E7C003C5163 /* Frameworks */,
				C36C22C01A4A5E7C003C5163 /* Resources */,
			);
			buildRules = (
			);
			dependencies = (
				C36C22C41A4A5E7C003C5163 /* PBXTargetDependency */,
			);
			name = AVAudioPlayerTests;
			productName = AVAudioPlayerTests;
			productReference = C36C22C21A4A5E7C003C5163 /* AVAudioPlayerTests.xctest */;
			productType = "com.apple.product-type.bundle.unit-test";
		};
/* End PBXNativeTarget section */

/* Begin PBXProject section */
		C36C22A51A4A5E7C003C5163 /* Project object */ = {
			isa = PBXProject;
			attributes = {
				LastUpgradeCheck = 0610;
				ORGANIZATIONNAME = "monk-studio";
				TargetAttributes = {
					C36C22AC1A4A5E7C003C5163 = {
						CreatedOnToolsVersion = 6.1.1;
					};
					C36C22C11A4A5E7C003C5163 = {
						CreatedOnToolsVersion = 6.1.1;
						TestTargetID = C36C22AC1A4A5E7C003C5163;
					};
				};
			};
			buildConfigurationList = C36C22A81A4A5E7C003C5163 /* Build configuration list for PBXProject "AVAudioPlayer" */;
			compatibilityVersion = "Xcode 3.2";
			developmentRegion = English;
			hasScannedForEncodings = 0;
			knownRegions = (
				en,
				Base,
			);
			mainGroup = C36C22A41A4A5E7C003C5163;
			productRefGroup = C36C22AE1A4A5E7C003C5163 /* Products */;
			projectDirPath = "";
			projectRoot = "";
			targets = (
				C36C22AC1A4A5E7C003C5163 /* AVAudioPlayer */,
				C36C22C11A4A5E7C003C5163 /* AVAudioPlayerTests */,
			);
		};
/* End PBXProject section */

/* Begin PBXResourcesBuildPhase section */
		C36C22AB1A4A5E7C003C5163 /* Resources */ = {
			isa = PBXResourcesBuildPhase;
			buildActionMask = 2147483647;
			files = (
				C36C22B81A4A5E7C003C5163 /* Main.storyboard in Resources */,
				C36C22D51A4A628C003C5163 /* audioFX.mp3 in Resources */,
				C36C22D71A4A8A9B003C5163 /* demo.gif in Resources */,
				C36C22BD1A4A5E7C003C5163 /* LaunchScreen.xib in Resources */,
				C36C22BA1A4A5E7C003C5163 /* Images.xcassets in Resources */,
			);
			runOnlyForDeploymentPostprocessing = 0;
		};
		C36C22C01A4A5E7C003C5163 /* Resources */ = {
			isa = PBXResourcesBuildPhase;
			buildActionMask = 2147483647;
			files = (
			);
			runOnlyForDeploymentPostprocessing = 0;
		};
/* End PBXResourcesBuildPhase section */

/* Begin PBXSourcesBuildPhase section */
		C36C22A91A4A5E7C003C5163 /* Sources */ = {
			isa = PBXSourcesBuildPhase;
			buildActionMask = 2147483647;
			files = (
				C36C22B51A4A5E7C003C5163 /* ViewController.swift in Sources */,
				C36C22B31A4A5E7C003C5163 /* AppDelegate.swift in Sources */,
			);
			runOnlyForDeploymentPostprocessing = 0;
		};
		C36C22BE1A4A5E7C003C5163 /* Sources */ = {
			isa = PBXSourcesBuildPhase;
			buildActionMask = 2147483647;
			files = (
				C36C22C91A4A5E7C003C5163 /* AVAudioPlayerTests.swift in Sources */,
			);
			runOnlyForDeploymentPostprocessing = 0;
		};
/* End PBXSourcesBuildPhase section */

/* Begin PBXTargetDependency section */
		C36C22C41A4A5E7C003C5163 /* PBXTargetDependency */ = {
			isa = PBXTargetDependency;
			target = C36C22AC1A4A5E7C003C5163 /* AVAudioPlayer */;
			targetProxy = C36C22C31A4A5E7C003C5163 /* PBXContainerItemProxy */;
		};
/* End PBXTargetDependency section */

/* Begin PBXVariantGroup section */
		C36C22B61A4A5E7C003C5163 /* Main.storyboard */ = {
			isa = PBXVariantGroup;
			children = (
				C36C22B71A4A5E7C003C5163 /* Base */,
			);
			name = Main.storyboard;
			sourceTree = "<group>";
		};
		C36C22BB1A4A5E7C003C5163 /* LaunchScreen.xib */ = {
			isa = PBXVariantGroup;
			children = (
				C36C22BC1A4A5E7C003C5163 /* Base */,
			);
			name = LaunchScreen.xib;
			sourceTree = "<group>";
		};
/* End PBXVariantGroup section */

/* Begin XCBuildConfiguration section */
		C36C22CA1A4A5E7C003C5163 /* Debug */ = {
			isa = XCBuildConfiguration;
			buildSettings = {
				ALWAYS_SEARCH_USER_PATHS = NO;
				CLANG_CXX_LANGUAGE_STANDARD = "gnu++0x";
				CLANG_CXX_LIBRARY = "libc++";
				CLANG_ENABLE_MODULES = YES;
				CLANG_ENABLE_OBJC_ARC = YES;
				CLANG_WARN_BOOL_CONVERSION = YES;
				CLANG_WARN_CONSTANT_CONVERSION = YES;
				CLANG_WARN_DIRECT_OBJC_ISA_USAGE = YES_ERROR;
				CLANG_WARN_EMPTY_BODY = YES;
				CLANG_WARN_ENUM_CONVERSION = YES;
				CLANG_WARN_INT_CONVERSION = YES;
				CLANG_WARN_OBJC_ROOT_CLASS = YES_ERROR;
				CLANG_WARN_UNREACHABLE_CODE = YES;
				CLANG_WARN__DUPLICATE_METHOD_MATCH = YES;
				"CODE_SIGN_IDENTITY[sdk=iphoneos*]" = "iPhone Developer";
				COPY_PHASE_STRIP = NO;
				ENABLE_STRICT_OBJC_MSGSEND = YES;
				GCC_C_LANGUAGE_STANDARD = gnu99;
				GCC_DYNAMIC_NO_PIC = NO;
				GCC_OPTIMIZATION_LEVEL = 0;
				GCC_PREPROCESSOR_DEFINITIONS = (
					"DEBUG=1",
					"$(inherited)",
				);
				GCC_SYMBOLS_PRIVATE_EXTERN = NO;
				GCC_WARN_64_TO_32_BIT_CONVERSION = YES;
				GCC_WARN_ABOUT_RETURN_TYPE = YES_ERROR;
				GCC_WARN_UNDECLARED_SELECTOR = YES;
				GCC_WARN_UNINITIALIZED_AUTOS = YES_AGGRESSIVE;
				GCC_WARN_UNUSED_FUNCTION = YES;
				GCC_WARN_UNUSED_VARIABLE = YES;
				IPHONEOS_DEPLOYMENT_TARGET = 8.1;
				MTL_ENABLE_DEBUG_INFO = YES;
				ONLY_ACTIVE_ARCH = YES;
				SDKROOT = iphoneos;
				SWIFT_OPTIMIZATION_LEVEL = "-Onone";
			};
			name = Debug;
		};
		C36C22CB1A4A5E7C003C5163 /* Release */ = {
			isa = XCBuildConfiguration;
			buildSettings = {
				ALWAYS_SEARCH_USER_PATHS = NO;
				CLANG_CXX_LANGUAGE_STANDARD = "gnu++0x";
				CLANG_CXX_LIBRARY = "libc++";
				CLANG_ENABLE_MODULES = YES;
				CLANG_ENABLE_OBJC_ARC = YES;
				CLANG_WARN_BOOL_CONVERSION = YES;
				CLANG_WARN_CONSTANT_CONVERSION = YES;
				CLANG_WARN_DIRECT_OBJC_ISA_USAGE = YES_ERROR;
				CLANG_WARN_EMPTY_BODY = YES;
				CLANG_WARN_ENUM_CONVERSION = YES;
				CLANG_WARN_INT_CONVERSION = YES;
				CLANG_WARN_OBJC_ROOT_CLASS = YES_ERROR;
				CLANG_WARN_UNREACHABLE_CODE = YES;
				CLANG_WARN__DUPLICATE_METHOD_MATCH = YES;
				"CODE_SIGN_IDENTITY[sdk=iphoneos*]" = "iPhone Developer";
				COPY_PHASE_STRIP = YES;
				ENABLE_NS_ASSERTIONS = NO;
				ENABLE_STRICT_OBJC_MSGSEND = YES;
				GCC_C_LANGUAGE_STANDARD = gnu99;
				GCC_WARN_64_TO_32_BIT_CONVERSION = YES;
				GCC_WARN_ABOUT_RETURN_TYPE = YES_ERROR;
				GCC_WARN_UNDECLARED_SELECTOR = YES;
				GCC_WARN_UNINITIALIZED_AUTOS = YES_AGGRESSIVE;
				GCC_WARN_UNUSED_FUNCTION = YES;
				GCC_WARN_UNUSED_VARIABLE = YES;
				IPHONEOS_DEPLOYMENT_TARGET = 8.1;
				MTL_ENABLE_DEBUG_INFO = NO;
				SDKROOT = iphoneos;
				VALIDATE_PRODUCT = YES;
			};
			name = Release;
		};
		C36C22CD1A4A5E7C003C5163 /* Debug */ = {
			isa = XCBuildConfiguration;
			buildSettings = {
				ASSETCATALOG_COMPILER_APPICON_NAME = AppIcon;
				INFOPLIST_FILE = AVAudioPlayer/Info.plist;
				LD_RUNPATH_SEARCH_PATHS = "$(inherited) @executable_path/Frameworks";
				PRODUCT_NAME = "$(TARGET_NAME)";
			};
			name = Debug;
		};
		C36C22CE1A4A5E7C003C5163 /* Release */ = {
			isa = XCBuildConfiguration;
			buildSettings = {
				ASSETCATALOG_COMPILER_APPICON_NAME = AppIcon;
				INFOPLIST_FILE = AVAudioPlayer/Info.plist;
				LD_RUNPATH_SEARCH_PATHS = "$(inherited) @executable_path/Frameworks";
				PRODUCT_NAME = "$(TARGET_NAME)";
			};
			name = Release;
		};
		C36C22D01A4A5E7C003C5163 /* Debug */ = {
			isa = XCBuildConfiguration;
			buildSettings = {
				BUNDLE_LOADER = "$(TEST_HOST)";
				FRAMEWORK_SEARCH_PATHS = (
					"$(SDKROOT)/Developer/Library/Frameworks",
					"$(inherited)",
				);
				GCC_PREPROCESSOR_DEFINITIONS = (
					"DEBUG=1",
					"$(inherited)",
				);
				INFOPLIST_FILE = AVAudioPlayerTests/Info.plist;
				LD_RUNPATH_SEARCH_PATHS = "$(inherited) @executable_path/Frameworks @loader_path/Frameworks";
				PRODUCT_NAME = "$(TARGET_NAME)";
				TEST_HOST = "$(BUILT_PRODUCTS_DIR)/AVAudioPlayer.app/AVAudioPlayer";
			};
			name = Debug;
		};
		C36C22D11A4A5E7C003C5163 /* Release */ = {
			isa = XCBuildConfiguration;
			buildSettings = {
				BUNDLE_LOADER = "$(TEST_HOST)";
				FRAMEWORK_SEARCH_PATHS = (
					"$(SDKROOT)/Developer/Library/Frameworks",
					"$(inherited)",
				);
				INFOPLIST_FILE = AVAudioPlayerTests/Info.plist;
				LD_RUNPATH_SEARCH_PATHS = "$(inherited) @executable_path/Frameworks @loader_path/Frameworks";
				PRODUCT_NAME = "$(TARGET_NAME)";
				TEST_HOST = "$(BUILT_PRODUCTS_DIR)/AVAudioPlayer.app/AVAudioPlayer";
			};
			name = Release;
		};
/* End XCBuildConfiguration section */

/* Begin XCConfigurationList section */
		C36C22A81A4A5E7C003C5163 /* Build configuration list for PBXProject "AVAudioPlayer" */ = {
			isa = XCConfigurationList;
			buildConfigurations = (
				C36C22CA1A4A5E7C003C5163 /* Debug */,
				C36C22CB1A4A5E7C003C5163 /* Release */,
			);
			defaultConfigurationIsVisible = 0;
			defaultConfigurationName = Release;
		};
		C36C22CC1A4A5E7C003C5163 /* Build configuration list for PBXNativeTarget "AVAudioPlayer" */ = {
			isa = XCConfigurationList;
			buildConfigurations = (
				C36C22CD1A4A5E7C003C5163 /* Debug */,
				C36C22CE1A4A5E7C003C5163 /* Release */,
			);
			defaultConfigurationIsVisible = 0;
		};
		C36C22CF1A4A5E7C003C5163 /* Build configuration list for PBXNativeTarget "AVAudioPlayerTests" */ = {
			isa = XCConfigurationList;
			buildConfigurations = (
				C36C22D01A4A5E7C003C5163 /* Debug */,
				C36C22D11A4A5E7C003C5163 /* Release */,
			);
			defaultConfigurationIsVisible = 0;
		};
/* End XCConfigurationList section */
	};
	rootObject = C36C22A51A4A5E7C003C5163 /* Project object */;
}
